
Microsoft Visual Studio Solution File, Format Version 12.00
# Visual Studio 2013
VisualStudioVersion = 12.0.31101.0
MinimumVisualStudioVersion = 10.0.40219.1
Project("{2150E333-8FDC-42A3-9474-1A3956D46DE8}") = "Dependencies", "Dependencies", "{67548B85-6C2D-48E6-8D14-749DA6D7756B}"
	ProjectSection(SolutionItems) = preProject
		libs\FreeImage\FreeImage.dll = libs\FreeImage\FreeImage.dll
		libs\FreeImage\FreeImageNET.dll = libs\FreeImage\FreeImageNET.dll
	EndProjectSection
EndProject
Project("{FAE04EC0-301F-11D3-BF4B-00C04F79EFBC}") = "DynamicImageHandler", "DynamicImageHandler\DynamicImageHandler.csproj", "{EB46873F-DFB7-48EC-97EE-1A3BDF628B5B}"
EndProject
Project("{FAE04EC0-301F-11D3-BF4B-00C04F79EFBC}") = "DynamicImageHandler.ImageTool.FreeImage", "DynamicImageHandler.ImageTool.FreeImage\DynamicImageHandler.ImageTool.FreeImage.csproj", "{144E0629-E10B-4189-A490-502F160FEA84}"
EndProject
Project("{FAE04EC0-301F-11D3-BF4B-00C04F79EFBC}") = "DynamicImageHandler.ImageTool.Wpf", "DynamicImageHandler.ImageTool.Wpf\DynamicImageHandler.ImageTool.Wpf.csproj", "{04455087-221A-4F49-AC81-F0FC1F46ABA0}"
EndProject
Project("{FAE04EC0-301F-11D3-BF4B-00C04F79EFBC}") = "DynamicImageHandler.Web.Demo", "DynamicImageHandler.Web.Demo\DynamicImageHandler.Web.Demo.csproj", "{89A690F5-40CF-4D29-B7FD-B7759CDDD143}"
EndProject
Global
	GlobalSection(SolutionConfigurationPlatforms) = preSolution
		Debug|Any CPU = Debug|Any CPU
		Release|Any CPU = Release|Any CPU
	EndGlobalSection
	GlobalSection(ProjectConfigurationPlatforms) = postSolution
		{EB46873F-DFB7-48EC-97EE-1A3BDF628B5B}.Debug|Any CPU.ActiveCfg = Debug|Any CPU
		{EB46873F-DFB7-48EC-97EE-1A3BDF628B5B}.Debug|Any CPU.Build.0 = Debug|Any CPU
		{EB46873F-DFB7-48EC-97EE-1A3BDF628B5B}.Release|Any CPU.ActiveCfg = Release|Any CPU
		{EB46873F-DFB7-48EC-97EE-1A3BDF628B5B}.Release|Any CPU.Build.0 = Release|Any CPU
		{144E0629-E10B-4189-A490-502F160FEA84}.Debug|Any CPU.ActiveCfg = Debug|Any CPU
		{144E0629-E10B-4189-A490-502F160FEA84}.Debug|Any CPU.Build.0 = Debug|Any CPU
		{144E0629-E10B-4189-A490-502F160FEA84}.Release|Any CPU.ActiveCfg = Release|Any CPU
		{144E0629-E10B-4189-A490-502F160FEA84}.Release|Any CPU.Build.0 = Release|Any CPU
		{04455087-221A-4F49-AC81-F0FC1F46ABA0}.Debug|Any CPU.ActiveCfg = Debug|Any CPU
		{04455087-221A-4F49-AC81-F0FC1F46ABA0}.Debug|Any CPU.Build.0 = Debug|Any CPU
		{04455087-221A-4F49-AC81-F0FC1F46ABA0}.Release|Any CPU.ActiveCfg = Release|Any CPU
		{04455087-221A-4F49-AC81-F0FC1F46ABA0}.Release|Any CPU.Build.0 = Release|Any CPU
		{89A690F5-40CF-4D29-B7FD-B7759CDDD143}.Debug|Any CPU.ActiveCfg = Debug|Any CPU
		{89A690F5-40CF-4D29-B7FD-B7759CDDD143}.Debug|Any CPU.Build.0 = Debug|Any CPU
		{89A690F5-40CF-4D29-B7FD-B7759CDDD143}.Release|Any CPU.ActiveCfg = Release|Any CPU
		{89A690F5-40CF-4D29-B7FD-B7759CDDD143}.Release|Any CPU.Build.0 = Release|Any CPU
	EndGlobalSection
	GlobalSection(SolutionProperties) = preSolution
		HideSolutionNode = FALSE
	EndGlobalSection
	GlobalSection(RocketSvnScc) = preSolution
		Svn-Managed = True
		Manager = Rocket SVN - Subversion Support for Visual Studio
	EndGlobalSection
EndGlobal
